
Microsoft Visual Studio Solution File, Format Version 12.00
# Visual Studio 15
VisualStudioVersion = 15.0.27428.2015
MinimumVisualStudioVersion = 10.0.40219.1
Project("{FAE04EC0-301F-11D3-BF4B-00C04F79EFBC}") = "SoundTools", "SoundTools\SoundTools.csproj", "{5258D598-FC50-4A68-980D-C142B5C0D02E}"
EndProject
Global
	GlobalSection(SolutionConfigurationPlatforms) = preSolution
		Debug|Any CPU = Debug|Any CPU
		Release|Any CPU = Release|Any CPU
	EndGlobalSection
	GlobalSection(ProjectConfigurationPlatforms) = postSolution
		{5258D598-FC50-4A68-980D-C142B5C0D02E}.Debug|Any CPU.ActiveCfg = Debug|Any CPU
		{5258D598-FC50-4A68-980D-C142B5C0D02E}.Debug|Any CPU.Build.0 = Debug|Any CPU
		{5258D598-FC50-4A68-980D-C142B5C0D02E}.Release|Any CPU.ActiveCfg = Release|Any CPU
		{5258D598-FC50-4A68-980D-C142B5C0D02E}.Release|Any CPU.Build.0 = Release|Any CPU
	EndGlobalSection
	GlobalSection(SolutionProperties) = preSolution
		HideSolutionNode = FALSE
	EndGlobalSection
	GlobalSection(ExtensibilityGlobals) = postSolution
		SolutionGuid = {6AEDE97F-66DB-422F-AD1A-9F6F58504A38}
	EndGlobalSection
EndGlobal
